
Microsoft Visual Studio Solution File, Format Version 12.00
# Visual Studio Version 17
VisualStudioVersion = 17.5.33502.453
MinimumVisualStudioVersion = 10.0.40219.1
Project("{9A19103F-16F7-4668-BE54-9A1E7A4F7556}") = "OneStopShopIdaBackend", "OneStopShopIdaBackend\OneStopShopIdaBackend.csproj", "{A1BCC2D1-F673-4AC8-86F7-475A14794DDD}"
EndProject
Project("{9A19103F-16F7-4668-BE54-9A1E7A4F7556}") = "TestsNUnit", "TestsNUnit\TestsNUnit.csproj", "{545B73DE-D4E5-49C3-82AF-6808E5ADC316}"
EndProject
Global
	GlobalSection(SolutionConfigurationPlatforms) = preSolution
		Debug|Any CPU = Debug|Any CPU
		Release|Any CPU = Release|Any CPU
	EndGlobalSection
	GlobalSection(ProjectConfigurationPlatforms) = postSolution
		{A1BCC2D1-F673-4AC8-86F7-475A14794DDD}.Debug|Any CPU.ActiveCfg = Debug|Any CPU
		{A1BCC2D1-F673-4AC8-86F7-475A14794DDD}.Debug|Any CPU.Build.0 = Debug|Any CPU
		{A1BCC2D1-F673-4AC8-86F7-475A14794DDD}.Release|Any CPU.ActiveCfg = Release|Any CPU
		{A1BCC2D1-F673-4AC8-86F7-475A14794DDD}.Release|Any CPU.Build.0 = Release|Any CPU
		{545B73DE-D4E5-49C3-82AF-6808E5ADC316}.Debug|Any CPU.ActiveCfg = Debug|Any CPU
		{545B73DE-D4E5-49C3-82AF-6808E5ADC316}.Debug|Any CPU.Build.0 = Debug|Any CPU
		{545B73DE-D4E5-49C3-82AF-6808E5ADC316}.Release|Any CPU.ActiveCfg = Release|Any CPU
		{545B73DE-D4E5-49C3-82AF-6808E5ADC316}.Release|Any CPU.Build.0 = Release|Any CPU
	EndGlobalSection
	GlobalSection(SolutionProperties) = preSolution
		HideSolutionNode = FALSE
	EndGlobalSection
	GlobalSection(ExtensibilityGlobals) = postSolution
		SolutionGuid = {DAA56EBD-2B2E-462D-B18E-0031938065F1}
	EndGlobalSection
EndGlobal
